
Microsoft Visual Studio Solution File, Format Version 12.00
# Visual Studio 14
VisualStudioVersion = 14.0.23107.0
MinimumVisualStudioVersion = 10.0.40219.1
Project("{FAE04EC0-301F-11D3-BF4B-00C04F79EFBC}") = "PitchGame.GUI", "PitchGame.GUI\PitchGame.GUI.csproj", "{86CC8ACB-431E-473B-A782-1A69C85E2B5F}"
EndProject
Project("{FAE04EC0-301F-11D3-BF4B-00C04F79EFBC}") = "PitchGame.Logic", "PitchGame.Logic\PitchGame.Logic.csproj", "{FD7D9894-4753-4173-99E3-A99172C2FDDE}"
EndProject
Project("{FAE04EC0-301F-11D3-BF4B-00C04F79EFBC}") = "PitchGame.Tests", "PitchGame.Tests\PitchGame.Tests.csproj", "{EF43DF4A-2E38-4023-B60E-82F365963FCE}"
EndProject
Global
	GlobalSection(SolutionConfigurationPlatforms) = preSolution
		Debug|Any CPU = Debug|Any CPU
		Release|Any CPU = Release|Any CPU
	EndGlobalSection
	GlobalSection(ProjectConfigurationPlatforms) = postSolution
		{86CC8ACB-431E-473B-A782-1A69C85E2B5F}.Debug|Any CPU.ActiveCfg = Debug|Any CPU
		{86CC8ACB-431E-473B-A782-1A69C85E2B5F}.Debug|Any CPU.Build.0 = Debug|Any CPU
		{86CC8ACB-431E-473B-A782-1A69C85E2B5F}.Release|Any CPU.ActiveCfg = Release|Any CPU
		{86CC8ACB-431E-473B-A782-1A69C85E2B5F}.Release|Any CPU.Build.0 = Release|Any CPU
		{FD7D9894-4753-4173-99E3-A99172C2FDDE}.Debug|Any CPU.ActiveCfg = Debug|Any CPU
		{FD7D9894-4753-4173-99E3-A99172C2FDDE}.Debug|Any CPU.Build.0 = Debug|Any CPU
		{FD7D9894-4753-4173-99E3-A99172C2FDDE}.Release|Any CPU.ActiveCfg = Release|Any CPU
		{FD7D9894-4753-4173-99E3-A99172C2FDDE}.Release|Any CPU.Build.0 = Release|Any CPU
		{EF43DF4A-2E38-4023-B60E-82F365963FCE}.Debug|Any CPU.ActiveCfg = Debug|Any CPU
		{EF43DF4A-2E38-4023-B60E-82F365963FCE}.Debug|Any CPU.Build.0 = Debug|Any CPU
		{EF43DF4A-2E38-4023-B60E-82F365963FCE}.Release|Any CPU.ActiveCfg = Release|Any CPU
		{EF43DF4A-2E38-4023-B60E-82F365963FCE}.Release|Any CPU.Build.0 = Release|Any CPU
	EndGlobalSection
	GlobalSection(SolutionProperties) = preSolution
		HideSolutionNode = FALSE
	EndGlobalSection
EndGlobal
